
Microsoft Visual Studio Solution File, Format Version 12.00
# Visual Studio Version 17
VisualStudioVersion = 17.12.35707.178 d17.12
MinimumVisualStudioVersion = 10.0.40219.1
Project("{FAE04EC0-301F-11D3-BF4B-00C04F79EFBC}") = "ProgTechTDD_getAlmaAr", "ProgTechTDD_getAlmaAr\ProgTechTDD_getAlmaAr.csproj", "{9313C7BE-1237-47C3-8BED-1D336D943731}"
EndProject
Project("{FAE04EC0-301F-11D3-BF4B-00C04F79EFBC}") = "ProgTechTDD_getAlmaArTests", "ProgTechTDD_getAlmaArTests\ProgTechTDD_getAlmaArTests.csproj", "{C65D1EBD-5D00-4C7F-9801-1B80051980F6}"
EndProject
Global
	GlobalSection(SolutionConfigurationPlatforms) = preSolution
		Debug|Any CPU = Debug|Any CPU
		Release|Any CPU = Release|Any CPU
	EndGlobalSection
	GlobalSection(ProjectConfigurationPlatforms) = postSolution
		{9313C7BE-1237-47C3-8BED-1D336D943731}.Debug|Any CPU.ActiveCfg = Debug|Any CPU
		{9313C7BE-1237-47C3-8BED-1D336D943731}.Debug|Any CPU.Build.0 = Debug|Any CPU
		{9313C7BE-1237-47C3-8BED-1D336D943731}.Release|Any CPU.ActiveCfg = Release|Any CPU
		{9313C7BE-1237-47C3-8BED-1D336D943731}.Release|Any CPU.Build.0 = Release|Any CPU
		{C65D1EBD-5D00-4C7F-9801-1B80051980F6}.Debug|Any CPU.ActiveCfg = Debug|Any CPU
		{C65D1EBD-5D00-4C7F-9801-1B80051980F6}.Debug|Any CPU.Build.0 = Debug|Any CPU
		{C65D1EBD-5D00-4C7F-9801-1B80051980F6}.Release|Any CPU.ActiveCfg = Release|Any CPU
		{C65D1EBD-5D00-4C7F-9801-1B80051980F6}.Release|Any CPU.Build.0 = Release|Any CPU
	EndGlobalSection
	GlobalSection(SolutionProperties) = preSolution
		HideSolutionNode = FALSE
	EndGlobalSection
EndGlobal
